
Microsoft Visual Studio Solution File, Format Version 12.00
# Visual Studio Version 16
VisualStudioVersion = 16.0.31229.75
MinimumVisualStudioVersion = 10.0.40219.1
Project("{FAE04EC0-301F-11D3-BF4B-00C04F79EFBC}") = "FileWatcher", "FileWatcher\FileWatcher.csproj", "{2C5A844E-E633-4520-8977-A00381365FC0}"
EndProject
Global
	GlobalSection(SolutionConfigurationPlatforms) = preSolution
		Debug|Any CPU = Debug|Any CPU
		Release|Any CPU = Release|Any CPU
	EndGlobalSection
	GlobalSection(ProjectConfigurationPlatforms) = postSolution
		{2C5A844E-E633-4520-8977-A00381365FC0}.Debug|Any CPU.ActiveCfg = Debug|Any CPU
		{2C5A844E-E633-4520-8977-A00381365FC0}.Debug|Any CPU.Build.0 = Debug|Any CPU
		{2C5A844E-E633-4520-8977-A00381365FC0}.Release|Any CPU.ActiveCfg = Release|Any CPU
		{2C5A844E-E633-4520-8977-A00381365FC0}.Release|Any CPU.Build.0 = Release|Any CPU
	EndGlobalSection
	GlobalSection(SolutionProperties) = preSolution
		HideSolutionNode = FALSE
	EndGlobalSection
	GlobalSection(ExtensibilityGlobals) = postSolution
		SolutionGuid = {19D46DE9-853D-400D-A4D6-6C3A6D52DEFE}
	EndGlobalSection
EndGlobal
